
Microsoft Visual Studio Solution File, Format Version 12.00
# Visual Studio Version 17
VisualStudioVersion = 17.5.002.0
MinimumVisualStudioVersion = 10.0.40219.1
Project("{9A19103F-16F7-4668-BE54-9A1E7A4F7556}") = "loopy", "loopy.csproj", "{6F4981CE-0A24-4F51-960B-E5D4801DC418}"
EndProject
Global
	GlobalSection(SolutionConfigurationPlatforms) = preSolution
		Debug|Any CPU = Debug|Any CPU
		Release|Any CPU = Release|Any CPU
	EndGlobalSection
	GlobalSection(ProjectConfigurationPlatforms) = postSolution
		{6F4981CE-0A24-4F51-960B-E5D4801DC418}.Debug|Any CPU.ActiveCfg = Debug|Any CPU
		{6F4981CE-0A24-4F51-960B-E5D4801DC418}.Debug|Any CPU.Build.0 = Debug|Any CPU
		{6F4981CE-0A24-4F51-960B-E5D4801DC418}.Release|Any CPU.ActiveCfg = Release|Any CPU
		{6F4981CE-0A24-4F51-960B-E5D4801DC418}.Release|Any CPU.Build.0 = Release|Any CPU
	EndGlobalSection
	GlobalSection(SolutionProperties) = preSolution
		HideSolutionNode = FALSE
	EndGlobalSection
	GlobalSection(ExtensibilityGlobals) = postSolution
		SolutionGuid = {E491BF56-B421-4ED9-B351-3B5914CC8E60}
	EndGlobalSection
EndGlobal
